
Microsoft Visual Studio Solution File, Format Version 12.00
# Visual Studio Version 17
VisualStudioVersion = 17.11.35303.130
MinimumVisualStudioVersion = 10.0.40219.1
Project("{FAE04EC0-301F-11D3-BF4B-00C04F79EFBC}") = "ALeapYear", "ALeapYear\ALeapYear.csproj", "{37F180F1-5689-4305-817C-E4E2377309B4}"
EndProject
Global
	GlobalSection(SolutionConfigurationPlatforms) = preSolution
		Debug|Any CPU = Debug|Any CPU
		Release|Any CPU = Release|Any CPU
	EndGlobalSection
	GlobalSection(ProjectConfigurationPlatforms) = postSolution
		{37F180F1-5689-4305-817C-E4E2377309B4}.Debug|Any CPU.ActiveCfg = Debug|Any CPU
		{37F180F1-5689-4305-817C-E4E2377309B4}.Debug|Any CPU.Build.0 = Debug|Any CPU
		{37F180F1-5689-4305-817C-E4E2377309B4}.Release|Any CPU.ActiveCfg = Release|Any CPU
		{37F180F1-5689-4305-817C-E4E2377309B4}.Release|Any CPU.Build.0 = Release|Any CPU
	EndGlobalSection
	GlobalSection(SolutionProperties) = preSolution
		HideSolutionNode = FALSE
	EndGlobalSection
	GlobalSection(ExtensibilityGlobals) = postSolution
		SolutionGuid = {78D6469A-8BCF-4AD1-BC2D-D606EC6F1A98}
	EndGlobalSection
EndGlobal
